
Microsoft Visual Studio Solution File, Format Version 12.00
# Visual Studio Version 16
VisualStudioVersion = 16.0.29215.179
MinimumVisualStudioVersion = 10.0.40219.1
Project("{FAE04EC0-301F-11D3-BF4B-00C04F79EFBC}") = "FaviconBrowser", "FaviconBrowser\FaviconBrowser.csproj", "{FF26F65E-0DF6-4DC9-B37A-7CB5387244ED}"
EndProject
Project("{FAE04EC0-301F-11D3-BF4B-00C04F79EFBC}") = "AsyncConsole", "AsyncConsole\AsyncConsole.csproj", "{5BF7301C-4CBB-4C3C-A6F6-D45D029BD7E3}"
EndProject
Global
	GlobalSection(SolutionConfigurationPlatforms) = preSolution
		Debug|Any CPU = Debug|Any CPU
		Release|Any CPU = Release|Any CPU
	EndGlobalSection
	GlobalSection(ProjectConfigurationPlatforms) = postSolution
		{FF26F65E-0DF6-4DC9-B37A-7CB5387244ED}.Debug|Any CPU.ActiveCfg = Debug|Any CPU
		{FF26F65E-0DF6-4DC9-B37A-7CB5387244ED}.Debug|Any CPU.Build.0 = Debug|Any CPU
		{FF26F65E-0DF6-4DC9-B37A-7CB5387244ED}.Release|Any CPU.ActiveCfg = Release|Any CPU
		{FF26F65E-0DF6-4DC9-B37A-7CB5387244ED}.Release|Any CPU.Build.0 = Release|Any CPU
		{5BF7301C-4CBB-4C3C-A6F6-D45D029BD7E3}.Debug|Any CPU.ActiveCfg = Debug|Any CPU
		{5BF7301C-4CBB-4C3C-A6F6-D45D029BD7E3}.Debug|Any CPU.Build.0 = Debug|Any CPU
		{5BF7301C-4CBB-4C3C-A6F6-D45D029BD7E3}.Release|Any CPU.ActiveCfg = Release|Any CPU
		{5BF7301C-4CBB-4C3C-A6F6-D45D029BD7E3}.Release|Any CPU.Build.0 = Release|Any CPU
	EndGlobalSection
	GlobalSection(SolutionProperties) = preSolution
		HideSolutionNode = FALSE
	EndGlobalSection
	GlobalSection(ExtensibilityGlobals) = postSolution
		SolutionGuid = {0858CEF4-9303-417B-9704-A7605B4505CF}
	EndGlobalSection
EndGlobal
